
Microsoft Visual Studio Solution File, Format Version 12.00
# Visual Studio Version 17
VisualStudioVersion = 17.4.33403.182
MinimumVisualStudioVersion = 10.0.40219.1
Project("{FAE04EC0-301F-11D3-BF4B-00C04F79EFBC}") = "Adactin 2024", "ConsoleApp1\Adactin 2024.csproj", "{3CD95E02-AEA7-4AB0-9663-FA2E35602F5A}"
EndProject
Global
	GlobalSection(SolutionConfigurationPlatforms) = preSolution
		Debug|Any CPU = Debug|Any CPU
		Release|Any CPU = Release|Any CPU
	EndGlobalSection
	GlobalSection(ProjectConfigurationPlatforms) = postSolution
		{3CD95E02-AEA7-4AB0-9663-FA2E35602F5A}.Debug|Any CPU.ActiveCfg = Debug|Any CPU
		{3CD95E02-AEA7-4AB0-9663-FA2E35602F5A}.Debug|Any CPU.Build.0 = Debug|Any CPU
		{3CD95E02-AEA7-4AB0-9663-FA2E35602F5A}.Release|Any CPU.ActiveCfg = Release|Any CPU
		{3CD95E02-AEA7-4AB0-9663-FA2E35602F5A}.Release|Any CPU.Build.0 = Release|Any CPU
	EndGlobalSection
	GlobalSection(SolutionProperties) = preSolution
		HideSolutionNode = FALSE
	EndGlobalSection
	GlobalSection(ExtensibilityGlobals) = postSolution
		SolutionGuid = {BE63C866-D20C-4E5D-8E4B-9E8227F070B4}
	EndGlobalSection
EndGlobal
